# This file is automatically @generated by Cargo.
# It is not intended for manual editing.
version = 3

[[package]]
name = "adventofcode"
version = "0.1.0"
dependencies = [
 "rouille",
 "sabi",
]

[[package]]
name = "rouille"
version = "0.1.0"
source = "git+https://github.com/VilotStar/rouille#52dfc1dc3006753e8d977abc699d25af0f26b5bb"
dependencies = [
 "rouille_compilogenese",
]

[[package]]
name = "rouille_compilogenese"
version = "0.1.0"
source = "git+https://github.com/VilotStar/rouille#52dfc1dc3006753e8d977abc699d25af0f26b5bb"

[[package]]
name = "sabi"
version = "0.1.0"
source = "git+https://github.com/VilotStar/sabi#0be46dfc0776af724ed05717c22c6421e870c070"
