# This file is automatically @generated by Cargo.
# It is not intended for manual editing.
version = 3

[[package]]
name = "adventofcode"
version = "0.1.0"
dependencies = [
 "rdza",
 "rouille",
 "sabi",
]

[[package]]
name = "rdza"
version = "0.1.0"
source = "git+https://github.com/VilotStar/unitedrust?branch=rdza#6ab26adf26fa9d6ad778cbb0db143e3ff51e3b1c"

[[package]]
name = "rouille"
version = "0.1.0"
source = "git+https://github.com/VilotStar/unitedrust?branch=rouille#891511f3b455cb418cc7c40a0e41762c0ea30c59"

[[package]]
name = "sabi"
version = "0.1.0"
source = "git+https://github.com/VilotStar/unitedrust?branch=sabi#bfe0e920e496e07bc5a8ecb2e4cd6c23e22dff15"
